
Microsoft Visual Studio Solution File, Format Version 12.00
# Visual Studio Version 17
VisualStudioVersion = 17.3.32825.248
MinimumVisualStudioVersion = 10.0.40219.1
Project("{FAE04EC0-301F-11D3-BF4B-00C04F79EFBC}") = "Dev2Blu.ProjetosAula3.ProjetoCondicionais", "src\Dev2Blu.ProjetosAula3.ProjetoCondicionais\Dev2Blu.ProjetosAula3.ProjetoCondicionais.csproj", "{B3660AC6-B3E9-412F-AAFA-2A04C9C64AC2}"
EndProject
Global
	GlobalSection(SolutionConfigurationPlatforms) = preSolution
		Debug|Any CPU = Debug|Any CPU
		Release|Any CPU = Release|Any CPU
	EndGlobalSection
	GlobalSection(ProjectConfigurationPlatforms) = postSolution
		{B3660AC6-B3E9-412F-AAFA-2A04C9C64AC2}.Debug|Any CPU.ActiveCfg = Debug|Any CPU
		{B3660AC6-B3E9-412F-AAFA-2A04C9C64AC2}.Debug|Any CPU.Build.0 = Debug|Any CPU
		{B3660AC6-B3E9-412F-AAFA-2A04C9C64AC2}.Release|Any CPU.ActiveCfg = Release|Any CPU
		{B3660AC6-B3E9-412F-AAFA-2A04C9C64AC2}.Release|Any CPU.Build.0 = Release|Any CPU
	EndGlobalSection
	GlobalSection(SolutionProperties) = preSolution
		HideSolutionNode = FALSE
	EndGlobalSection
	GlobalSection(ExtensibilityGlobals) = postSolution
		SolutionGuid = {F6A7263E-281A-4B69-8C46-DA7005792A6D}
	EndGlobalSection
EndGlobal
